
Microsoft Visual Studio Solution File, Format Version 12.00
Project("{FAE04EC0-301F-11D3-BF4B-00C04F79EFBC}") = "CompSys", "CompSys\CompSys.csproj", "{3E7B6C34-32D0-44E7-A148-622B6BB0628B}"
EndProject
Global
	GlobalSection(SolutionConfigurationPlatforms) = preSolution
		Debug|Any CPU = Debug|Any CPU
		Release|Any CPU = Release|Any CPU
	EndGlobalSection
	GlobalSection(ProjectConfigurationPlatforms) = postSolution
		{3E7B6C34-32D0-44E7-A148-622B6BB0628B}.Debug|Any CPU.ActiveCfg = Debug|Any CPU
		{3E7B6C34-32D0-44E7-A148-622B6BB0628B}.Debug|Any CPU.Build.0 = Debug|Any CPU
		{3E7B6C34-32D0-44E7-A148-622B6BB0628B}.Release|Any CPU.ActiveCfg = Release|Any CPU
		{3E7B6C34-32D0-44E7-A148-622B6BB0628B}.Release|Any CPU.Build.0 = Release|Any CPU
	EndGlobalSection
EndGlobal
